
Microsoft Visual Studio Solution File, Format Version 12.00
# Visual Studio Version 16
VisualStudioVersion = 16.0.31019.35
MinimumVisualStudioVersion = 10.0.40219.1
Project("{FAE04EC0-301F-11D3-BF4B-00C04F79EFBC}") = "ChatterAPI", "ChatterAPI\ChatterAPI.csproj", "{5656FCC1-256B-4D0C-9899-B538F78B2B90}"
EndProject
Global
	GlobalSection(SolutionConfigurationPlatforms) = preSolution
		Debug|Any CPU = Debug|Any CPU
		Release|Any CPU = Release|Any CPU
	EndGlobalSection
	GlobalSection(ProjectConfigurationPlatforms) = postSolution
		{5656FCC1-256B-4D0C-9899-B538F78B2B90}.Debug|Any CPU.ActiveCfg = Debug|Any CPU
		{5656FCC1-256B-4D0C-9899-B538F78B2B90}.Debug|Any CPU.Build.0 = Debug|Any CPU
		{5656FCC1-256B-4D0C-9899-B538F78B2B90}.Release|Any CPU.ActiveCfg = Release|Any CPU
		{5656FCC1-256B-4D0C-9899-B538F78B2B90}.Release|Any CPU.Build.0 = Release|Any CPU
	EndGlobalSection
	GlobalSection(SolutionProperties) = preSolution
		HideSolutionNode = FALSE
	EndGlobalSection
	GlobalSection(ExtensibilityGlobals) = postSolution
		SolutionGuid = {A50CC533-5804-4CD2-BC67-F90249C1F699}
	EndGlobalSection
EndGlobal
